
Microsoft Visual Studio Solution File, Format Version 12.00
# Visual Studio Version 17
VisualStudioVersion = 17.12.35707.178 d17.12
MinimumVisualStudioVersion = 10.0.40219.1
Project("{FAE04EC0-301F-11D3-BF4B-00C04F79EFBC}") = "PrimeraAplicación", "PrimeraAplicación\PrimeraAplicación.csproj", "{D978BFE2-D04B-413E-8540-3AE6EEDB7B1B}"
EndProject
Global
	GlobalSection(SolutionConfigurationPlatforms) = preSolution
		Debug|Any CPU = Debug|Any CPU
		Release|Any CPU = Release|Any CPU
	EndGlobalSection
	GlobalSection(ProjectConfigurationPlatforms) = postSolution
		{D978BFE2-D04B-413E-8540-3AE6EEDB7B1B}.Debug|Any CPU.ActiveCfg = Debug|Any CPU
		{D978BFE2-D04B-413E-8540-3AE6EEDB7B1B}.Debug|Any CPU.Build.0 = Debug|Any CPU
		{D978BFE2-D04B-413E-8540-3AE6EEDB7B1B}.Release|Any CPU.ActiveCfg = Release|Any CPU
		{D978BFE2-D04B-413E-8540-3AE6EEDB7B1B}.Release|Any CPU.Build.0 = Release|Any CPU
	EndGlobalSection
	GlobalSection(SolutionProperties) = preSolution
		HideSolutionNode = FALSE
	EndGlobalSection
EndGlobal
