
Microsoft Visual Studio Solution File, Format Version 12.00
# Visual Studio Version 17
VisualStudioVersion = 17.13.35919.96 d17.13
MinimumVisualStudioVersion = 10.0.40219.1
Project("{FAE04EC0-301F-11D3-BF4B-00C04F79EFBC}") = "Dependency Properties", "Dependency Properties\Dependency Properties.csproj", "{C55706B8-DD84-4BF8-9BE7-24BFEF2BD870}"
EndProject
Global
	GlobalSection(SolutionConfigurationPlatforms) = preSolution
		Debug|Any CPU = Debug|Any CPU
		Release|Any CPU = Release|Any CPU
	EndGlobalSection
	GlobalSection(ProjectConfigurationPlatforms) = postSolution
		{C55706B8-DD84-4BF8-9BE7-24BFEF2BD870}.Debug|Any CPU.ActiveCfg = Debug|Any CPU
		{C55706B8-DD84-4BF8-9BE7-24BFEF2BD870}.Debug|Any CPU.Build.0 = Debug|Any CPU
		{C55706B8-DD84-4BF8-9BE7-24BFEF2BD870}.Release|Any CPU.ActiveCfg = Release|Any CPU
		{C55706B8-DD84-4BF8-9BE7-24BFEF2BD870}.Release|Any CPU.Build.0 = Release|Any CPU
	EndGlobalSection
	GlobalSection(SolutionProperties) = preSolution
		HideSolutionNode = FALSE
	EndGlobalSection
	GlobalSection(ExtensibilityGlobals) = postSolution
		SolutionGuid = {3B705CC4-A512-4364-AE97-F3BF0BB66AB1}
	EndGlobalSection
EndGlobal
