
Microsoft Visual Studio Solution File, Format Version 12.00
# Visual Studio Version 17
VisualStudioVersion = 17.13.35919.96 d17.13
MinimumVisualStudioVersion = 10.0.40219.1
Project("{FAE04EC0-301F-11D3-BF4B-00C04F79EFBC}") = "ListBox", "ListBox\ListBox.csproj", "{F7A942D8-57CB-4A7F-9B97-DF68F5E7E37D}"
EndProject
Global
	GlobalSection(SolutionConfigurationPlatforms) = preSolution
		Debug|Any CPU = Debug|Any CPU
		Release|Any CPU = Release|Any CPU
	EndGlobalSection
	GlobalSection(ProjectConfigurationPlatforms) = postSolution
		{F7A942D8-57CB-4A7F-9B97-DF68F5E7E37D}.Debug|Any CPU.ActiveCfg = Debug|Any CPU
		{F7A942D8-57CB-4A7F-9B97-DF68F5E7E37D}.Debug|Any CPU.Build.0 = Debug|Any CPU
		{F7A942D8-57CB-4A7F-9B97-DF68F5E7E37D}.Release|Any CPU.ActiveCfg = Release|Any CPU
		{F7A942D8-57CB-4A7F-9B97-DF68F5E7E37D}.Release|Any CPU.Build.0 = Release|Any CPU
	EndGlobalSection
	GlobalSection(SolutionProperties) = preSolution
		HideSolutionNode = FALSE
	EndGlobalSection
	GlobalSection(ExtensibilityGlobals) = postSolution
		SolutionGuid = {08461C0F-71C2-4C7D-ACFF-B60FB3D96D6B}
	EndGlobalSection
EndGlobal
